
Microsoft Visual Studio Solution File, Format Version 12.00
# Visual Studio Version 17
VisualStudioVersion = 17.11.35303.130
MinimumVisualStudioVersion = 10.0.40219.1
Project("{FAE04EC0-301F-11D3-BF4B-00C04F79EFBC}") = "appServeis", "appServeis\appServeis.csproj", "{58BC23B1-7B90-4050-881A-2BBDB091AC4D}"
EndProject
Global
	GlobalSection(SolutionConfigurationPlatforms) = preSolution
		Debug|Any CPU = Debug|Any CPU
		Release|Any CPU = Release|Any CPU
	EndGlobalSection
	GlobalSection(ProjectConfigurationPlatforms) = postSolution
		{58BC23B1-7B90-4050-881A-2BBDB091AC4D}.Debug|Any CPU.ActiveCfg = Debug|Any CPU
		{58BC23B1-7B90-4050-881A-2BBDB091AC4D}.Debug|Any CPU.Build.0 = Debug|Any CPU
		{58BC23B1-7B90-4050-881A-2BBDB091AC4D}.Release|Any CPU.ActiveCfg = Release|Any CPU
		{58BC23B1-7B90-4050-881A-2BBDB091AC4D}.Release|Any CPU.Build.0 = Release|Any CPU
	EndGlobalSection
	GlobalSection(SolutionProperties) = preSolution
		HideSolutionNode = FALSE
	EndGlobalSection
	GlobalSection(ExtensibilityGlobals) = postSolution
		SolutionGuid = {9302C258-8D84-4C25-9334-900E8C1E5AA0}
	EndGlobalSection
EndGlobal
